
Microsoft Visual Studio Solution File, Format Version 12.00
# Visual Studio Version 17
VisualStudioVersion = 17.14.36518.9
MinimumVisualStudioVersion = 10.0.40219.1
Project("{FAE04EC0-301F-11D3-BF4B-00C04F79EFBC}") = "imagesLike.web", "imagesLike.web\imagesLike.web.csproj", "{7B5182D6-8C94-41B8-A20B-514AAEBEBE83}"
EndProject
Project("{FAE04EC0-301F-11D3-BF4B-00C04F79EFBC}") = "ImagesLike", "ImagesLike\ImagesLike.csproj", "{A391A031-E25A-4E36-96A2-56E84B71EFFB}"
EndProject
Global
	GlobalSection(SolutionConfigurationPlatforms) = preSolution
		Debug|Any CPU = Debug|Any CPU
		Release|Any CPU = Release|Any CPU
	EndGlobalSection
	GlobalSection(ProjectConfigurationPlatforms) = postSolution
		{7B5182D6-8C94-41B8-A20B-514AAEBEBE83}.Debug|Any CPU.ActiveCfg = Debug|Any CPU
		{7B5182D6-8C94-41B8-A20B-514AAEBEBE83}.Debug|Any CPU.Build.0 = Debug|Any CPU
		{7B5182D6-8C94-41B8-A20B-514AAEBEBE83}.Release|Any CPU.ActiveCfg = Release|Any CPU
		{7B5182D6-8C94-41B8-A20B-514AAEBEBE83}.Release|Any CPU.Build.0 = Release|Any CPU
		{A391A031-E25A-4E36-96A2-56E84B71EFFB}.Debug|Any CPU.ActiveCfg = Debug|Any CPU
		{A391A031-E25A-4E36-96A2-56E84B71EFFB}.Debug|Any CPU.Build.0 = Debug|Any CPU
		{A391A031-E25A-4E36-96A2-56E84B71EFFB}.Release|Any CPU.ActiveCfg = Release|Any CPU
		{A391A031-E25A-4E36-96A2-56E84B71EFFB}.Release|Any CPU.Build.0 = Release|Any CPU
	EndGlobalSection
	GlobalSection(SolutionProperties) = preSolution
		HideSolutionNode = FALSE
	EndGlobalSection
	GlobalSection(ExtensibilityGlobals) = postSolution
		SolutionGuid = {7BA81C5D-93E0-46F3-9D10-8F04D1BAAB56}
	EndGlobalSection
EndGlobal
